
Microsoft Visual Studio Solution File, Format Version 12.00
# Visual Studio Version 17
VisualStudioVersion = 17.0.31919.166
MinimumVisualStudioVersion = 10.0.40219.1
Project("{FAE04EC0-301F-11D3-BF4B-00C04F79EFBC}") = "ConsoleApp3", "ConsoleApp3.csproj", "{1A100006-AF70-43AF-B32B-B29C08F56554}"
EndProject
Global
	GlobalSection(SolutionConfigurationPlatforms) = preSolution
		Debug|Any CPU = Debug|Any CPU
		Release|Any CPU = Release|Any CPU
	EndGlobalSection
	GlobalSection(ProjectConfigurationPlatforms) = postSolution
		{1A100006-AF70-43AF-B32B-B29C08F56554}.Debug|Any CPU.ActiveCfg = Debug|Any CPU
		{1A100006-AF70-43AF-B32B-B29C08F56554}.Debug|Any CPU.Build.0 = Debug|Any CPU
		{1A100006-AF70-43AF-B32B-B29C08F56554}.Release|Any CPU.ActiveCfg = Release|Any CPU
		{1A100006-AF70-43AF-B32B-B29C08F56554}.Release|Any CPU.Build.0 = Release|Any CPU
	EndGlobalSection
	GlobalSection(SolutionProperties) = preSolution
		HideSolutionNode = FALSE
	EndGlobalSection
	GlobalSection(ExtensibilityGlobals) = postSolution
		SolutionGuid = {1204D9B6-EA58-4F9E-8F25-E4999E0BBC6E}
	EndGlobalSection
EndGlobal
